
Microsoft Visual Studio Solution File, Format Version 12.00
# Visual Studio Version 17
VisualStudioVersion = 17.5.002.0
MinimumVisualStudioVersion = 10.0.40219.1
Project("{2150E333-8FDC-42A3-9474-1A3956D46DE8}") = "Class", "Class", "{F92BC1EC-4AA3-4953-A03A-594E0F0CECFC}"
EndProject
Project("{9A19103F-16F7-4668-BE54-9A1E7A4F7556}") = "Array_2mer", "Class\Array_2mer\Array_2mer.csproj", "{81C18565-FF57-4473-865C-C077E7C7A737}"
EndProject
Project("{9A19103F-16F7-4668-BE54-9A1E7A4F7556}") = "Array_Lesson", "Class\Array_Lesson\Array_Lesson.csproj", "{5E6132EE-4DDE-49D8-B120-8F9D9935E93D}"
EndProject
Project("{9A19103F-16F7-4668-BE54-9A1E7A4F7556}") = "For_Cikl", "Class\For_Cikl\For_Cikl.csproj", "{1F8D8294-6EEA-4AF3-89AD-A5BB39B547B0}"
EndProject
Project("{9A19103F-16F7-4668-BE54-9A1E7A4F7556}") = "Metody_Lesson", "Class\Metody_Lesson\Metody_Lesson.csproj", "{EC3F9E22-AFB9-4342-BA01-AFEA96D182F0}"
EndProject
Project("{9A19103F-16F7-4668-BE54-9A1E7A4F7556}") = "Recyrsiya", "Class\Recyrsiya\Recyrsiya.csproj", "{65B9FD03-8AE6-4B88-8052-48CF5AB917AB}"
EndProject
Project("{9A19103F-16F7-4668-BE54-9A1E7A4F7556}") = "Recyrsiya_2", "Class\Recyrsiya_2\Recyrsiya_2.csproj", "{6C6729E8-0E6D-4775-8D9E-33AC45590D9C}"
EndProject
Project("{2150E333-8FDC-42A3-9474-1A3956D46DE8}") = "Seminars_C#", "Seminars_C#", "{2346021E-96CA-456E-9DD4-B9A1D8F07865}"
EndProject
Project("{9A19103F-16F7-4668-BE54-9A1E7A4F7556}") = "S5", "Seminars_C#\S5\S5.csproj", "{96FE5CF1-FF0C-487B-9EE3-21BF4D2FE6F1}"
EndProject
Project("{9A19103F-16F7-4668-BE54-9A1E7A4F7556}") = "S6", "Seminars_C#\S6\S6.csproj", "{24E0EEA8-BCD5-44EB-BE27-910BB4ADEA62}"
EndProject
Project("{2150E333-8FDC-42A3-9474-1A3956D46DE8}") = "HomeWork_C#", "HomeWork_C#", "{29F88A94-622E-47AA-8953-4FC5E5D23D39}"
EndProject
Project("{2150E333-8FDC-42A3-9474-1A3956D46DE8}") = "Seminar_1", "Seminar_1", "{930C4FD7-2260-4F25-8CF7-FA50BB22A945}"
EndProject
Project("{9A19103F-16F7-4668-BE54-9A1E7A4F7556}") = "Task_1", "HomeWork_C#\Seminar_1\Task_1\Task_1.csproj", "{CCC761BD-DF6E-4CC4-83BB-31BE11EC3F8F}"
EndProject
Project("{9A19103F-16F7-4668-BE54-9A1E7A4F7556}") = "Task_2", "HomeWork_C#\Seminar_1\Task_2\Task_2.csproj", "{394D8B78-8D96-4E15-9F46-24D001B5AE4F}"
EndProject
Project("{9A19103F-16F7-4668-BE54-9A1E7A4F7556}") = "Task_3", "HomeWork_C#\Seminar_1\Task_3\Task_3.csproj", "{653CCF37-1B88-4870-96FB-A5CC74E9CDA9}"
EndProject
Project("{9A19103F-16F7-4668-BE54-9A1E7A4F7556}") = "Task_4", "HomeWork_C#\Seminar_1\Task_4\Task_4.csproj", "{80C86DCE-4906-4E14-857D-734B409F7E16}"
EndProject
Project("{2150E333-8FDC-42A3-9474-1A3956D46DE8}") = "Seminar_2", "Seminar_2", "{A2DCFE43-BE8E-4F98-9182-7A2EB5531A63}"
EndProject
Project("{9A19103F-16F7-4668-BE54-9A1E7A4F7556}") = "Task_1", "HomeWork_C#\Seminar_2\Task_1\Task_1.csproj", "{D9B473C5-B23F-4F59-8D50-A016EFF31725}"
EndProject
Project("{9A19103F-16F7-4668-BE54-9A1E7A4F7556}") = "Task_2", "HomeWork_C#\Seminar_2\Task_2\Task_2.csproj", "{9C8A5F5D-6B1C-4EB5-A095-35B47F6F8B76}"
EndProject
Project("{9A19103F-16F7-4668-BE54-9A1E7A4F7556}") = "Task_3", "HomeWork_C#\Seminar_2\Task_3\Task_3.csproj", "{0DE4BF28-0E93-4AE7-84D7-1AC5A4BFB172}"
EndProject
Project("{2150E333-8FDC-42A3-9474-1A3956D46DE8}") = "Seminar_3", "Seminar_3", "{934C2D32-C131-4A65-BA9A-ABD1CB1437EF}"
EndProject
Project("{9A19103F-16F7-4668-BE54-9A1E7A4F7556}") = "Task_1", "HomeWork_C#\Seminar_3\Task_1\Task_1.csproj", "{F6C6A10B-E43D-48E2-855F-9D831EF0EE89}"
EndProject
Project("{9A19103F-16F7-4668-BE54-9A1E7A4F7556}") = "Task_2", "HomeWork_C#\Seminar_3\Task_2\Task_2.csproj", "{135C0C0E-7959-44CB-B932-17FE2B8E959C}"
EndProject
Project("{9A19103F-16F7-4668-BE54-9A1E7A4F7556}") = "Task_3", "HomeWork_C#\Seminar_3\Task_3\Task_3.csproj", "{51DC7EF0-E469-4C9E-9175-D96F1D70F4B5}"
EndProject
Project("{2150E333-8FDC-42A3-9474-1A3956D46DE8}") = "Seminar_4", "Seminar_4", "{A9E088F1-5B0D-42C8-834F-942A095F932D}"
EndProject
Project("{9A19103F-16F7-4668-BE54-9A1E7A4F7556}") = "Task_1", "HomeWork_C#\Seminar_4\Task_1\Task_1.csproj", "{2302ECCD-A9FB-482B-99DB-42E6FA9FE966}"
EndProject
Project("{9A19103F-16F7-4668-BE54-9A1E7A4F7556}") = "Task_2.1", "HomeWork_C#\Seminar_4\Task_2.1\Task_2.1.csproj", "{271FAA44-FEC3-4A33-8EEA-DFE47814DE6E}"
EndProject
Project("{2150E333-8FDC-42A3-9474-1A3956D46DE8}") = "Seminar_5", "Seminar_5", "{6A9CADB1-C1FC-49AE-ACCE-DFB45B423654}"
EndProject
Project("{9A19103F-16F7-4668-BE54-9A1E7A4F7556}") = "Task_1", "HomeWork_C#\Seminar_5\Task_1\Task_1.csproj", "{592BEF62-98B4-4CB6-9685-7D5C9F19DF7C}"
EndProject
Project("{9A19103F-16F7-4668-BE54-9A1E7A4F7556}") = "Task_2", "HomeWork_C#\Seminar_5\Task_2\Task_2.csproj", "{CDCCD502-ED9C-4660-8DBA-B1DC4D492315}"
EndProject
Project("{9A19103F-16F7-4668-BE54-9A1E7A4F7556}") = "Task_3", "HomeWork_C#\Seminar_5\Task_3\Task_3.csproj", "{87A6403E-10C7-440B-B220-6D00D1252CD1}"
EndProject
Project("{2150E333-8FDC-42A3-9474-1A3956D46DE8}") = "Seminar_6", "Seminar_6", "{94C2B65A-61B1-4A6A-997C-019B2C699015}"
EndProject
Project("{9A19103F-16F7-4668-BE54-9A1E7A4F7556}") = "Task_1", "HomeWork_C#\Seminar_6\Task_1\Task_1.csproj", "{75E9FD15-8E94-4A57-A81B-CDA80103870C}"
EndProject
Project("{9A19103F-16F7-4668-BE54-9A1E7A4F7556}") = "Task_2", "HomeWork_C#\Seminar_6\Task_2\Task_2.csproj", "{3195A7CB-0900-4C85-A0CF-73115F6A8F41}"
EndProject
Project("{2150E333-8FDC-42A3-9474-1A3956D46DE8}") = "Seminar_7", "Seminar_7", "{B2E127BC-18DC-4B9A-BFF7-CFAF7900BFAE}"
EndProject
Project("{9A19103F-16F7-4668-BE54-9A1E7A4F7556}") = "Task_1", "HomeWork_C#\Seminar_7\Task_1\Task_1.csproj", "{F6A682F3-12FD-45E1-AB40-B2F4AF515E7B}"
EndProject
Project("{9A19103F-16F7-4668-BE54-9A1E7A4F7556}") = "Task_2", "HomeWork_C#\Seminar_7\Task_2\Task_2.csproj", "{12E49AB4-AC0D-4C72-8267-64C3EB25E846}"
EndProject
Project("{9A19103F-16F7-4668-BE54-9A1E7A4F7556}") = "Task_3", "HomeWork_C#\Seminar_7\Task_3\Task_3.csproj", "{23178A5E-5223-428A-9CBB-2FEC4491F511}"
EndProject
Project("{2150E333-8FDC-42A3-9474-1A3956D46DE8}") = "Seminar_8", "Seminar_8", "{A69FAF64-9398-41FA-939D-E3ACB915A9B1}"
EndProject
Project("{9A19103F-16F7-4668-BE54-9A1E7A4F7556}") = "Task_1", "HomeWork_C#\Seminar_8\Task_1\Task_1.csproj", "{523A48FF-0B4F-4BDA-92D4-FC6704D502E1}"
EndProject
Project("{9A19103F-16F7-4668-BE54-9A1E7A4F7556}") = "Task_2", "HomeWork_C#\Seminar_8\Task_2\Task_2.csproj", "{7BF46E8D-AAD2-4C6A-B911-62FF8036E965}"
EndProject
Project("{9A19103F-16F7-4668-BE54-9A1E7A4F7556}") = "Task_3", "HomeWork_C#\Seminar_8\Task_3\Task_3.csproj", "{1DD663A3-B075-4711-99A0-DA835A6EB103}"
EndProject
Project("{9A19103F-16F7-4668-BE54-9A1E7A4F7556}") = "Task_4", "HomeWork_C#\Seminar_8\Task_4\Task_4.csproj", "{B5C4DC7B-4B6B-4030-862E-0C426EAA7E9E}"
EndProject
Project("{9A19103F-16F7-4668-BE54-9A1E7A4F7556}") = "Task_5", "HomeWork_C#\Seminar_8\Task_5\Task_5.csproj", "{578BB6A8-E675-4EFB-98C3-96F37545A8F5}"
EndProject
Project("{2150E333-8FDC-42A3-9474-1A3956D46DE8}") = "Seminar_9", "Seminar_9", "{87C4CC8F-3B74-4BBF-BF12-BDB94F50C6CD}"
EndProject
Project("{9A19103F-16F7-4668-BE54-9A1E7A4F7556}") = "Task_1", "HomeWork_C#\Seminar_9\Task_1\Task_1.csproj", "{2F80402F-1D2E-4E9B-9019-4012606A2DAE}"
EndProject
Project("{9A19103F-16F7-4668-BE54-9A1E7A4F7556}") = "Task_2", "HomeWork_C#\Seminar_9\Task_2\Task_2.csproj", "{56B3FAC7-8EDD-4F2B-8193-D1E393A647EE}"
EndProject
Project("{9A19103F-16F7-4668-BE54-9A1E7A4F7556}") = "Task_3", "HomeWork_C#\Seminar_9\Task_3\Task_3.csproj", "{9E26339C-BB02-4C5A-972B-A5BC694A2013}"
EndProject
Project("{2150E333-8FDC-42A3-9474-1A3956D46DE8}") = "S7", "S7", "{E3ED4180-C458-494D-858F-6E4E8DA36CDE}"
EndProject
Project("{9A19103F-16F7-4668-BE54-9A1E7A4F7556}") = "Task_1", "Seminars_C#\S7\Task_1\Task_1.csproj", "{BD6417DF-5652-400D-AC68-3AF9B418D437}"
EndProject
Project("{9A19103F-16F7-4668-BE54-9A1E7A4F7556}") = "Task_2", "Seminars_C#\S7\Task_2\Task_2.csproj", "{C492E7F2-5A6A-4850-B894-1266E98F1A5E}"
EndProject
Global
	GlobalSection(SolutionConfigurationPlatforms) = preSolution
		Debug|Any CPU = Debug|Any CPU
		Release|Any CPU = Release|Any CPU
	EndGlobalSection
	GlobalSection(ProjectConfigurationPlatforms) = postSolution
		{81C18565-FF57-4473-865C-C077E7C7A737}.Debug|Any CPU.ActiveCfg = Debug|Any CPU
		{81C18565-FF57-4473-865C-C077E7C7A737}.Debug|Any CPU.Build.0 = Debug|Any CPU
		{81C18565-FF57-4473-865C-C077E7C7A737}.Release|Any CPU.ActiveCfg = Release|Any CPU
		{81C18565-FF57-4473-865C-C077E7C7A737}.Release|Any CPU.Build.0 = Release|Any CPU
		{5E6132EE-4DDE-49D8-B120-8F9D9935E93D}.Debug|Any CPU.ActiveCfg = Debug|Any CPU
		{5E6132EE-4DDE-49D8-B120-8F9D9935E93D}.Debug|Any CPU.Build.0 = Debug|Any CPU
		{5E6132EE-4DDE-49D8-B120-8F9D9935E93D}.Release|Any CPU.ActiveCfg = Release|Any CPU
		{5E6132EE-4DDE-49D8-B120-8F9D9935E93D}.Release|Any CPU.Build.0 = Release|Any CPU
		{1F8D8294-6EEA-4AF3-89AD-A5BB39B547B0}.Debug|Any CPU.ActiveCfg = Debug|Any CPU
		{1F8D8294-6EEA-4AF3-89AD-A5BB39B547B0}.Debug|Any CPU.Build.0 = Debug|Any CPU
		{1F8D8294-6EEA-4AF3-89AD-A5BB39B547B0}.Release|Any CPU.ActiveCfg = Release|Any CPU
		{1F8D8294-6EEA-4AF3-89AD-A5BB39B547B0}.Release|Any CPU.Build.0 = Release|Any CPU
		{EC3F9E22-AFB9-4342-BA01-AFEA96D182F0}.Debug|Any CPU.ActiveCfg = Debug|Any CPU
		{EC3F9E22-AFB9-4342-BA01-AFEA96D182F0}.Debug|Any CPU.Build.0 = Debug|Any CPU
		{EC3F9E22-AFB9-4342-BA01-AFEA96D182F0}.Release|Any CPU.ActiveCfg = Release|Any CPU
		{EC3F9E22-AFB9-4342-BA01-AFEA96D182F0}.Release|Any CPU.Build.0 = Release|Any CPU
		{65B9FD03-8AE6-4B88-8052-48CF5AB917AB}.Debug|Any CPU.ActiveCfg = Debug|Any CPU
		{65B9FD03-8AE6-4B88-8052-48CF5AB917AB}.Debug|Any CPU.Build.0 = Debug|Any CPU
		{65B9FD03-8AE6-4B88-8052-48CF5AB917AB}.Release|Any CPU.ActiveCfg = Release|Any CPU
		{65B9FD03-8AE6-4B88-8052-48CF5AB917AB}.Release|Any CPU.Build.0 = Release|Any CPU
		{6C6729E8-0E6D-4775-8D9E-33AC45590D9C}.Debug|Any CPU.ActiveCfg = Debug|Any CPU
		{6C6729E8-0E6D-4775-8D9E-33AC45590D9C}.Debug|Any CPU.Build.0 = Debug|Any CPU
		{6C6729E8-0E6D-4775-8D9E-33AC45590D9C}.Release|Any CPU.ActiveCfg = Release|Any CPU
		{6C6729E8-0E6D-4775-8D9E-33AC45590D9C}.Release|Any CPU.Build.0 = Release|Any CPU
		{96FE5CF1-FF0C-487B-9EE3-21BF4D2FE6F1}.Debug|Any CPU.ActiveCfg = Debug|Any CPU
		{96FE5CF1-FF0C-487B-9EE3-21BF4D2FE6F1}.Debug|Any CPU.Build.0 = Debug|Any CPU
		{96FE5CF1-FF0C-487B-9EE3-21BF4D2FE6F1}.Release|Any CPU.ActiveCfg = Release|Any CPU
		{96FE5CF1-FF0C-487B-9EE3-21BF4D2FE6F1}.Release|Any CPU.Build.0 = Release|Any CPU
		{24E0EEA8-BCD5-44EB-BE27-910BB4ADEA62}.Debug|Any CPU.ActiveCfg = Debug|Any CPU
		{24E0EEA8-BCD5-44EB-BE27-910BB4ADEA62}.Debug|Any CPU.Build.0 = Debug|Any CPU
		{24E0EEA8-BCD5-44EB-BE27-910BB4ADEA62}.Release|Any CPU.ActiveCfg = Release|Any CPU
		{24E0EEA8-BCD5-44EB-BE27-910BB4ADEA62}.Release|Any CPU.Build.0 = Release|Any CPU
		{CCC761BD-DF6E-4CC4-83BB-31BE11EC3F8F}.Debug|Any CPU.ActiveCfg = Debug|Any CPU
		{CCC761BD-DF6E-4CC4-83BB-31BE11EC3F8F}.Debug|Any CPU.Build.0 = Debug|Any CPU
		{CCC761BD-DF6E-4CC4-83BB-31BE11EC3F8F}.Release|Any CPU.ActiveCfg = Release|Any CPU
		{CCC761BD-DF6E-4CC4-83BB-31BE11EC3F8F}.Release|Any CPU.Build.0 = Release|Any CPU
		{394D8B78-8D96-4E15-9F46-24D001B5AE4F}.Debug|Any CPU.ActiveCfg = Debug|Any CPU
		{394D8B78-8D96-4E15-9F46-24D001B5AE4F}.Debug|Any CPU.Build.0 = Debug|Any CPU
		{394D8B78-8D96-4E15-9F46-24D001B5AE4F}.Release|Any CPU.ActiveCfg = Release|Any CPU
		{394D8B78-8D96-4E15-9F46-24D001B5AE4F}.Release|Any CPU.Build.0 = Release|Any CPU
		{653CCF37-1B88-4870-96FB-A5CC74E9CDA9}.Debug|Any CPU.ActiveCfg = Debug|Any CPU
		{653CCF37-1B88-4870-96FB-A5CC74E9CDA9}.Debug|Any CPU.Build.0 = Debug|Any CPU
		{653CCF37-1B88-4870-96FB-A5CC74E9CDA9}.Release|Any CPU.ActiveCfg = Release|Any CPU
		{653CCF37-1B88-4870-96FB-A5CC74E9CDA9}.Release|Any CPU.Build.0 = Release|Any CPU
		{80C86DCE-4906-4E14-857D-734B409F7E16}.Debug|Any CPU.ActiveCfg = Debug|Any CPU
		{80C86DCE-4906-4E14-857D-734B409F7E16}.Debug|Any CPU.Build.0 = Debug|Any CPU
		{80C86DCE-4906-4E14-857D-734B409F7E16}.Release|Any CPU.ActiveCfg = Release|Any CPU
		{80C86DCE-4906-4E14-857D-734B409F7E16}.Release|Any CPU.Build.0 = Release|Any CPU
		{D9B473C5-B23F-4F59-8D50-A016EFF31725}.Debug|Any CPU.ActiveCfg = Debug|Any CPU
		{D9B473C5-B23F-4F59-8D50-A016EFF31725}.Debug|Any CPU.Build.0 = Debug|Any CPU
		{D9B473C5-B23F-4F59-8D50-A016EFF31725}.Release|Any CPU.ActiveCfg = Release|Any CPU
		{D9B473C5-B23F-4F59-8D50-A016EFF31725}.Release|Any CPU.Build.0 = Release|Any CPU
		{9C8A5F5D-6B1C-4EB5-A095-35B47F6F8B76}.Debug|Any CPU.ActiveCfg = Debug|Any CPU
		{9C8A5F5D-6B1C-4EB5-A095-35B47F6F8B76}.Debug|Any CPU.Build.0 = Debug|Any CPU
		{9C8A5F5D-6B1C-4EB5-A095-35B47F6F8B76}.Release|Any CPU.ActiveCfg = Release|Any CPU
		{9C8A5F5D-6B1C-4EB5-A095-35B47F6F8B76}.Release|Any CPU.Build.0 = Release|Any CPU
		{0DE4BF28-0E93-4AE7-84D7-1AC5A4BFB172}.Debug|Any CPU.ActiveCfg = Debug|Any CPU
		{0DE4BF28-0E93-4AE7-84D7-1AC5A4BFB172}.Debug|Any CPU.Build.0 = Debug|Any CPU
		{0DE4BF28-0E93-4AE7-84D7-1AC5A4BFB172}.Release|Any CPU.ActiveCfg = Release|Any CPU
		{0DE4BF28-0E93-4AE7-84D7-1AC5A4BFB172}.Release|Any CPU.Build.0 = Release|Any CPU
		{F6C6A10B-E43D-48E2-855F-9D831EF0EE89}.Debug|Any CPU.ActiveCfg = Debug|Any CPU
		{F6C6A10B-E43D-48E2-855F-9D831EF0EE89}.Debug|Any CPU.Build.0 = Debug|Any CPU
		{F6C6A10B-E43D-48E2-855F-9D831EF0EE89}.Release|Any CPU.ActiveCfg = Release|Any CPU
		{F6C6A10B-E43D-48E2-855F-9D831EF0EE89}.Release|Any CPU.Build.0 = Release|Any CPU
		{135C0C0E-7959-44CB-B932-17FE2B8E959C}.Debug|Any CPU.ActiveCfg = Debug|Any CPU
		{135C0C0E-7959-44CB-B932-17FE2B8E959C}.Debug|Any CPU.Build.0 = Debug|Any CPU
		{135C0C0E-7959-44CB-B932-17FE2B8E959C}.Release|Any CPU.ActiveCfg = Release|Any CPU
		{135C0C0E-7959-44CB-B932-17FE2B8E959C}.Release|Any CPU.Build.0 = Release|Any CPU
		{51DC7EF0-E469-4C9E-9175-D96F1D70F4B5}.Debug|Any CPU.ActiveCfg = Debug|Any CPU
		{51DC7EF0-E469-4C9E-9175-D96F1D70F4B5}.Debug|Any CPU.Build.0 = Debug|Any CPU
		{51DC7EF0-E469-4C9E-9175-D96F1D70F4B5}.Release|Any CPU.ActiveCfg = Release|Any CPU
		{51DC7EF0-E469-4C9E-9175-D96F1D70F4B5}.Release|Any CPU.Build.0 = Release|Any CPU
		{2302ECCD-A9FB-482B-99DB-42E6FA9FE966}.Debug|Any CPU.ActiveCfg = Debug|Any CPU
		{2302ECCD-A9FB-482B-99DB-42E6FA9FE966}.Debug|Any CPU.Build.0 = Debug|Any CPU
		{2302ECCD-A9FB-482B-99DB-42E6FA9FE966}.Release|Any CPU.ActiveCfg = Release|Any CPU
		{2302ECCD-A9FB-482B-99DB-42E6FA9FE966}.Release|Any CPU.Build.0 = Release|Any CPU
		{271FAA44-FEC3-4A33-8EEA-DFE47814DE6E}.Debug|Any CPU.ActiveCfg = Debug|Any CPU
		{271FAA44-FEC3-4A33-8EEA-DFE47814DE6E}.Debug|Any CPU.Build.0 = Debug|Any CPU
		{271FAA44-FEC3-4A33-8EEA-DFE47814DE6E}.Release|Any CPU.ActiveCfg = Release|Any CPU
		{271FAA44-FEC3-4A33-8EEA-DFE47814DE6E}.Release|Any CPU.Build.0 = Release|Any CPU
		{592BEF62-98B4-4CB6-9685-7D5C9F19DF7C}.Debug|Any CPU.ActiveCfg = Debug|Any CPU
		{592BEF62-98B4-4CB6-9685-7D5C9F19DF7C}.Debug|Any CPU.Build.0 = Debug|Any CPU
		{592BEF62-98B4-4CB6-9685-7D5C9F19DF7C}.Release|Any CPU.ActiveCfg = Release|Any CPU
		{592BEF62-98B4-4CB6-9685-7D5C9F19DF7C}.Release|Any CPU.Build.0 = Release|Any CPU
		{CDCCD502-ED9C-4660-8DBA-B1DC4D492315}.Debug|Any CPU.ActiveCfg = Debug|Any CPU
		{CDCCD502-ED9C-4660-8DBA-B1DC4D492315}.Debug|Any CPU.Build.0 = Debug|Any CPU
		{CDCCD502-ED9C-4660-8DBA-B1DC4D492315}.Release|Any CPU.ActiveCfg = Release|Any CPU
		{CDCCD502-ED9C-4660-8DBA-B1DC4D492315}.Release|Any CPU.Build.0 = Release|Any CPU
		{87A6403E-10C7-440B-B220-6D00D1252CD1}.Debug|Any CPU.ActiveCfg = Debug|Any CPU
		{87A6403E-10C7-440B-B220-6D00D1252CD1}.Debug|Any CPU.Build.0 = Debug|Any CPU
		{87A6403E-10C7-440B-B220-6D00D1252CD1}.Release|Any CPU.ActiveCfg = Release|Any CPU
		{87A6403E-10C7-440B-B220-6D00D1252CD1}.Release|Any CPU.Build.0 = Release|Any CPU
		{75E9FD15-8E94-4A57-A81B-CDA80103870C}.Debug|Any CPU.ActiveCfg = Debug|Any CPU
		{75E9FD15-8E94-4A57-A81B-CDA80103870C}.Debug|Any CPU.Build.0 = Debug|Any CPU
		{75E9FD15-8E94-4A57-A81B-CDA80103870C}.Release|Any CPU.ActiveCfg = Release|Any CPU
		{75E9FD15-8E94-4A57-A81B-CDA80103870C}.Release|Any CPU.Build.0 = Release|Any CPU
		{3195A7CB-0900-4C85-A0CF-73115F6A8F41}.Debug|Any CPU.ActiveCfg = Debug|Any CPU
		{3195A7CB-0900-4C85-A0CF-73115F6A8F41}.Debug|Any CPU.Build.0 = Debug|Any CPU
		{3195A7CB-0900-4C85-A0CF-73115F6A8F41}.Release|Any CPU.ActiveCfg = Release|Any CPU
		{3195A7CB-0900-4C85-A0CF-73115F6A8F41}.Release|Any CPU.Build.0 = Release|Any CPU
		{F6A682F3-12FD-45E1-AB40-B2F4AF515E7B}.Debug|Any CPU.ActiveCfg = Debug|Any CPU
		{F6A682F3-12FD-45E1-AB40-B2F4AF515E7B}.Debug|Any CPU.Build.0 = Debug|Any CPU
		{F6A682F3-12FD-45E1-AB40-B2F4AF515E7B}.Release|Any CPU.ActiveCfg = Release|Any CPU
		{F6A682F3-12FD-45E1-AB40-B2F4AF515E7B}.Release|Any CPU.Build.0 = Release|Any CPU
		{12E49AB4-AC0D-4C72-8267-64C3EB25E846}.Debug|Any CPU.ActiveCfg = Debug|Any CPU
		{12E49AB4-AC0D-4C72-8267-64C3EB25E846}.Debug|Any CPU.Build.0 = Debug|Any CPU
		{12E49AB4-AC0D-4C72-8267-64C3EB25E846}.Release|Any CPU.ActiveCfg = Release|Any CPU
		{12E49AB4-AC0D-4C72-8267-64C3EB25E846}.Release|Any CPU.Build.0 = Release|Any CPU
		{23178A5E-5223-428A-9CBB-2FEC4491F511}.Debug|Any CPU.ActiveCfg = Debug|Any CPU
		{23178A5E-5223-428A-9CBB-2FEC4491F511}.Debug|Any CPU.Build.0 = Debug|Any CPU
		{23178A5E-5223-428A-9CBB-2FEC4491F511}.Release|Any CPU.ActiveCfg = Release|Any CPU
		{23178A5E-5223-428A-9CBB-2FEC4491F511}.Release|Any CPU.Build.0 = Release|Any CPU
		{523A48FF-0B4F-4BDA-92D4-FC6704D502E1}.Debug|Any CPU.ActiveCfg = Debug|Any CPU
		{523A48FF-0B4F-4BDA-92D4-FC6704D502E1}.Debug|Any CPU.Build.0 = Debug|Any CPU
		{523A48FF-0B4F-4BDA-92D4-FC6704D502E1}.Release|Any CPU.ActiveCfg = Release|Any CPU
		{523A48FF-0B4F-4BDA-92D4-FC6704D502E1}.Release|Any CPU.Build.0 = Release|Any CPU
		{7BF46E8D-AAD2-4C6A-B911-62FF8036E965}.Debug|Any CPU.ActiveCfg = Debug|Any CPU
		{7BF46E8D-AAD2-4C6A-B911-62FF8036E965}.Debug|Any CPU.Build.0 = Debug|Any CPU
		{7BF46E8D-AAD2-4C6A-B911-62FF8036E965}.Release|Any CPU.ActiveCfg = Release|Any CPU
		{7BF46E8D-AAD2-4C6A-B911-62FF8036E965}.Release|Any CPU.Build.0 = Release|Any CPU
		{1DD663A3-B075-4711-99A0-DA835A6EB103}.Debug|Any CPU.ActiveCfg = Debug|Any CPU
		{1DD663A3-B075-4711-99A0-DA835A6EB103}.Debug|Any CPU.Build.0 = Debug|Any CPU
		{1DD663A3-B075-4711-99A0-DA835A6EB103}.Release|Any CPU.ActiveCfg = Release|Any CPU
		{1DD663A3-B075-4711-99A0-DA835A6EB103}.Release|Any CPU.Build.0 = Release|Any CPU
		{B5C4DC7B-4B6B-4030-862E-0C426EAA7E9E}.Debug|Any CPU.ActiveCfg = Debug|Any CPU
		{B5C4DC7B-4B6B-4030-862E-0C426EAA7E9E}.Debug|Any CPU.Build.0 = Debug|Any CPU
		{B5C4DC7B-4B6B-4030-862E-0C426EAA7E9E}.Release|Any CPU.ActiveCfg = Release|Any CPU
		{B5C4DC7B-4B6B-4030-862E-0C426EAA7E9E}.Release|Any CPU.Build.0 = Release|Any CPU
		{578BB6A8-E675-4EFB-98C3-96F37545A8F5}.Debug|Any CPU.ActiveCfg = Debug|Any CPU
		{578BB6A8-E675-4EFB-98C3-96F37545A8F5}.Debug|Any CPU.Build.0 = Debug|Any CPU
		{578BB6A8-E675-4EFB-98C3-96F37545A8F5}.Release|Any CPU.ActiveCfg = Release|Any CPU
		{578BB6A8-E675-4EFB-98C3-96F37545A8F5}.Release|Any CPU.Build.0 = Release|Any CPU
		{2F80402F-1D2E-4E9B-9019-4012606A2DAE}.Debug|Any CPU.ActiveCfg = Debug|Any CPU
		{2F80402F-1D2E-4E9B-9019-4012606A2DAE}.Debug|Any CPU.Build.0 = Debug|Any CPU
		{2F80402F-1D2E-4E9B-9019-4012606A2DAE}.Release|Any CPU.ActiveCfg = Release|Any CPU
		{2F80402F-1D2E-4E9B-9019-4012606A2DAE}.Release|Any CPU.Build.0 = Release|Any CPU
		{56B3FAC7-8EDD-4F2B-8193-D1E393A647EE}.Debug|Any CPU.ActiveCfg = Debug|Any CPU
		{56B3FAC7-8EDD-4F2B-8193-D1E393A647EE}.Debug|Any CPU.Build.0 = Debug|Any CPU
		{56B3FAC7-8EDD-4F2B-8193-D1E393A647EE}.Release|Any CPU.ActiveCfg = Release|Any CPU
		{56B3FAC7-8EDD-4F2B-8193-D1E393A647EE}.Release|Any CPU.Build.0 = Release|Any CPU
		{9E26339C-BB02-4C5A-972B-A5BC694A2013}.Debug|Any CPU.ActiveCfg = Debug|Any CPU
		{9E26339C-BB02-4C5A-972B-A5BC694A2013}.Debug|Any CPU.Build.0 = Debug|Any CPU
		{9E26339C-BB02-4C5A-972B-A5BC694A2013}.Release|Any CPU.ActiveCfg = Release|Any CPU
		{9E26339C-BB02-4C5A-972B-A5BC694A2013}.Release|Any CPU.Build.0 = Release|Any CPU
		{BD6417DF-5652-400D-AC68-3AF9B418D437}.Debug|Any CPU.ActiveCfg = Debug|Any CPU
		{BD6417DF-5652-400D-AC68-3AF9B418D437}.Debug|Any CPU.Build.0 = Debug|Any CPU
		{BD6417DF-5652-400D-AC68-3AF9B418D437}.Release|Any CPU.ActiveCfg = Release|Any CPU
		{BD6417DF-5652-400D-AC68-3AF9B418D437}.Release|Any CPU.Build.0 = Release|Any CPU
		{C492E7F2-5A6A-4850-B894-1266E98F1A5E}.Debug|Any CPU.ActiveCfg = Debug|Any CPU
		{C492E7F2-5A6A-4850-B894-1266E98F1A5E}.Debug|Any CPU.Build.0 = Debug|Any CPU
		{C492E7F2-5A6A-4850-B894-1266E98F1A5E}.Release|Any CPU.ActiveCfg = Release|Any CPU
		{C492E7F2-5A6A-4850-B894-1266E98F1A5E}.Release|Any CPU.Build.0 = Release|Any CPU
	EndGlobalSection
	GlobalSection(SolutionProperties) = preSolution
		HideSolutionNode = FALSE
	EndGlobalSection
	GlobalSection(NestedProjects) = preSolution
		{81C18565-FF57-4473-865C-C077E7C7A737} = {F92BC1EC-4AA3-4953-A03A-594E0F0CECFC}
		{5E6132EE-4DDE-49D8-B120-8F9D9935E93D} = {F92BC1EC-4AA3-4953-A03A-594E0F0CECFC}
		{1F8D8294-6EEA-4AF3-89AD-A5BB39B547B0} = {F92BC1EC-4AA3-4953-A03A-594E0F0CECFC}
		{EC3F9E22-AFB9-4342-BA01-AFEA96D182F0} = {F92BC1EC-4AA3-4953-A03A-594E0F0CECFC}
		{65B9FD03-8AE6-4B88-8052-48CF5AB917AB} = {F92BC1EC-4AA3-4953-A03A-594E0F0CECFC}
		{6C6729E8-0E6D-4775-8D9E-33AC45590D9C} = {F92BC1EC-4AA3-4953-A03A-594E0F0CECFC}
		{96FE5CF1-FF0C-487B-9EE3-21BF4D2FE6F1} = {2346021E-96CA-456E-9DD4-B9A1D8F07865}
		{24E0EEA8-BCD5-44EB-BE27-910BB4ADEA62} = {2346021E-96CA-456E-9DD4-B9A1D8F07865}
		{930C4FD7-2260-4F25-8CF7-FA50BB22A945} = {29F88A94-622E-47AA-8953-4FC5E5D23D39}
		{CCC761BD-DF6E-4CC4-83BB-31BE11EC3F8F} = {930C4FD7-2260-4F25-8CF7-FA50BB22A945}
		{394D8B78-8D96-4E15-9F46-24D001B5AE4F} = {930C4FD7-2260-4F25-8CF7-FA50BB22A945}
		{653CCF37-1B88-4870-96FB-A5CC74E9CDA9} = {930C4FD7-2260-4F25-8CF7-FA50BB22A945}
		{80C86DCE-4906-4E14-857D-734B409F7E16} = {930C4FD7-2260-4F25-8CF7-FA50BB22A945}
		{A2DCFE43-BE8E-4F98-9182-7A2EB5531A63} = {29F88A94-622E-47AA-8953-4FC5E5D23D39}
		{D9B473C5-B23F-4F59-8D50-A016EFF31725} = {A2DCFE43-BE8E-4F98-9182-7A2EB5531A63}
		{9C8A5F5D-6B1C-4EB5-A095-35B47F6F8B76} = {A2DCFE43-BE8E-4F98-9182-7A2EB5531A63}
		{0DE4BF28-0E93-4AE7-84D7-1AC5A4BFB172} = {A2DCFE43-BE8E-4F98-9182-7A2EB5531A63}
		{934C2D32-C131-4A65-BA9A-ABD1CB1437EF} = {29F88A94-622E-47AA-8953-4FC5E5D23D39}
		{F6C6A10B-E43D-48E2-855F-9D831EF0EE89} = {934C2D32-C131-4A65-BA9A-ABD1CB1437EF}
		{135C0C0E-7959-44CB-B932-17FE2B8E959C} = {934C2D32-C131-4A65-BA9A-ABD1CB1437EF}
		{51DC7EF0-E469-4C9E-9175-D96F1D70F4B5} = {934C2D32-C131-4A65-BA9A-ABD1CB1437EF}
		{A9E088F1-5B0D-42C8-834F-942A095F932D} = {29F88A94-622E-47AA-8953-4FC5E5D23D39}
		{2302ECCD-A9FB-482B-99DB-42E6FA9FE966} = {A9E088F1-5B0D-42C8-834F-942A095F932D}
		{271FAA44-FEC3-4A33-8EEA-DFE47814DE6E} = {A9E088F1-5B0D-42C8-834F-942A095F932D}
		{6A9CADB1-C1FC-49AE-ACCE-DFB45B423654} = {29F88A94-622E-47AA-8953-4FC5E5D23D39}
		{592BEF62-98B4-4CB6-9685-7D5C9F19DF7C} = {6A9CADB1-C1FC-49AE-ACCE-DFB45B423654}
		{CDCCD502-ED9C-4660-8DBA-B1DC4D492315} = {6A9CADB1-C1FC-49AE-ACCE-DFB45B423654}
		{87A6403E-10C7-440B-B220-6D00D1252CD1} = {6A9CADB1-C1FC-49AE-ACCE-DFB45B423654}
		{94C2B65A-61B1-4A6A-997C-019B2C699015} = {29F88A94-622E-47AA-8953-4FC5E5D23D39}
		{75E9FD15-8E94-4A57-A81B-CDA80103870C} = {94C2B65A-61B1-4A6A-997C-019B2C699015}
		{3195A7CB-0900-4C85-A0CF-73115F6A8F41} = {94C2B65A-61B1-4A6A-997C-019B2C699015}
		{B2E127BC-18DC-4B9A-BFF7-CFAF7900BFAE} = {29F88A94-622E-47AA-8953-4FC5E5D23D39}
		{F6A682F3-12FD-45E1-AB40-B2F4AF515E7B} = {B2E127BC-18DC-4B9A-BFF7-CFAF7900BFAE}
		{12E49AB4-AC0D-4C72-8267-64C3EB25E846} = {B2E127BC-18DC-4B9A-BFF7-CFAF7900BFAE}
		{23178A5E-5223-428A-9CBB-2FEC4491F511} = {B2E127BC-18DC-4B9A-BFF7-CFAF7900BFAE}
		{A69FAF64-9398-41FA-939D-E3ACB915A9B1} = {29F88A94-622E-47AA-8953-4FC5E5D23D39}
		{523A48FF-0B4F-4BDA-92D4-FC6704D502E1} = {A69FAF64-9398-41FA-939D-E3ACB915A9B1}
		{7BF46E8D-AAD2-4C6A-B911-62FF8036E965} = {A69FAF64-9398-41FA-939D-E3ACB915A9B1}
		{1DD663A3-B075-4711-99A0-DA835A6EB103} = {A69FAF64-9398-41FA-939D-E3ACB915A9B1}
		{B5C4DC7B-4B6B-4030-862E-0C426EAA7E9E} = {A69FAF64-9398-41FA-939D-E3ACB915A9B1}
		{578BB6A8-E675-4EFB-98C3-96F37545A8F5} = {A69FAF64-9398-41FA-939D-E3ACB915A9B1}
		{87C4CC8F-3B74-4BBF-BF12-BDB94F50C6CD} = {29F88A94-622E-47AA-8953-4FC5E5D23D39}
		{2F80402F-1D2E-4E9B-9019-4012606A2DAE} = {87C4CC8F-3B74-4BBF-BF12-BDB94F50C6CD}
		{56B3FAC7-8EDD-4F2B-8193-D1E393A647EE} = {87C4CC8F-3B74-4BBF-BF12-BDB94F50C6CD}
		{9E26339C-BB02-4C5A-972B-A5BC694A2013} = {87C4CC8F-3B74-4BBF-BF12-BDB94F50C6CD}
		{E3ED4180-C458-494D-858F-6E4E8DA36CDE} = {2346021E-96CA-456E-9DD4-B9A1D8F07865}
		{BD6417DF-5652-400D-AC68-3AF9B418D437} = {E3ED4180-C458-494D-858F-6E4E8DA36CDE}
		{C492E7F2-5A6A-4850-B894-1266E98F1A5E} = {E3ED4180-C458-494D-858F-6E4E8DA36CDE}
	EndGlobalSection
	GlobalSection(ExtensibilityGlobals) = postSolution
		SolutionGuid = {36CB0BC8-A965-4FD8-860E-9038D01218C2}
	EndGlobalSection
EndGlobal
